# THIS IS AN AUTOGENERATED FILE. DO NOT EDIT THIS FILE DIRECTLY.
# yarn lockfile v1


esbuild@^0.12.9:
  version "0.12.12"
  resolved "https://registry.yarnpkg.com/esbuild/-/esbuild-0.12.12.tgz#2c3815c508e20f771cf6b2ffb03aa7349e651657"
  integrity sha512-fdB/8HRg9u95Zi4/qV+osrfzpvLzubFKUr8SkZf/kUKImLiX61Y7qBzV14FCKphFk7YoXWY85nbPGkI6pq+Zeg==

fromentries@^1.3.2:
  version "1.3.2"
  resolved "https://registry.npmjs.org/fromentries/-/fromentries-1.3.2.tgz"
  integrity sha512-cHEpEQHUg0f8XdtZCc2ZAhrHzKzT0MrFUTcvx+hfxYu7rGMDc5SKoXFh+n4YigxsHXRzc6OrCshdR1bWH6HHyg==

husky@^6.0.0:
  version "6.0.0"
  resolved "https://registry.npmjs.org/husky/-/husky-6.0.0.tgz"
  integrity sha512-SQS2gDTB7tBN486QSoKPKQItZw97BMOd+Kdb6ghfpBc0yXyzrddI0oDV5MkDAbuB4X2mO3/nj60TRMcYxwzZeQ==

pinst@^2.1.6:
  version "2.1.6"
  resolved "https://registry.npmjs.org/pinst/-/pinst-2.1.6.tgz"
  integrity sha512-B4dYmf6nEXg1NpDSB+orYWvKa5Kfmz5KzWC29U59dpVM4S/+xp0ak/JMEsw04UQTNNKps7klu0BUalr343Gt9g==
  dependencies:
    fromentries "^1.3.2"

prettier@^2.3.1:
  version "2.3.1"
  resolved "https://registry.npmjs.org/prettier/-/prettier-2.3.1.tgz"
  integrity sha512-p+vNbgpLjif/+D+DwAZAbndtRrR0md0MwfmOVN9N+2RgyACMT+7tfaRnT+WDPkqnuVwleyuBIG2XBxKDme3hPA==

typescript@^4.3.4:
  version "4.3.4"
  resolved "https://registry.npmjs.org/typescript/-/typescript-4.3.4.tgz"
  integrity sha512-uauPG7XZn9F/mo+7MrsRjyvbxFpzemRjKEZXS4AK83oP2KKOJPvb+9cO/gmnv8arWZvhnjVOXz7B49m1l0e9Ew==
